
Microsoft Visual Studio Solution File, Format Version 12.00
# Visual Studio Version 18
VisualStudioVersion = 18.3.11206.111
MinimumVisualStudioVersion = 10.0.40219.1
Project("{2150E333-8FDC-42A3-9474-1A3956D46DE8}") = "Modules", "Modules", "{CA253913-39DE-BFD0-C9A3-4B7EC6FBDF17}"
EndProject
Project("{2150E333-8FDC-42A3-9474-1A3956D46DE8}") = "Sales", "Sales", "{A9997C78-0C31-9C1F-7E81-ED673DE04F19}"
EndProject
Project("{FAE04EC0-301F-11D3-BF4B-00C04F79EFBC}") = "Sales.Domain", "Modules\Sales\Sales.Domain\Sales.Domain.csproj", "{02FE4974-C417-43CF-A034-5B3B71919EF1}"
EndProject
Project("{FAE04EC0-301F-11D3-BF4B-00C04F79EFBC}") = "Sales.Application", "Modules\Sales\Sales.Application\Sales.Application.csproj", "{FE99D9CA-8462-484E-8A6F-D9E939C9F91D}"
EndProject
Project("{FAE04EC0-301F-11D3-BF4B-00C04F79EFBC}") = "Sales.Infrastructure", "Modules\Sales\Sales.Infrastructure\Sales.Infrastructure.csproj", "{9DD6B142-1CBB-4A6C-B02C-0918B7619622}"
EndProject
Project("{FAE04EC0-301F-11D3-BF4B-00C04F79EFBC}") = "Sales.Api", "Modules\Sales\Sales.Api\Sales.Api.csproj", "{2F89B5A4-EB4C-4595-8812-92C46CFBD7BC}"
EndProject
Project("{2150E333-8FDC-42A3-9474-1A3956D46DE8}") = "Inventory", "Inventory", "{A68BCFB6-B88D-4352-653D-5429B95F8475}"
EndProject
Project("{FAE04EC0-301F-11D3-BF4B-00C04F79EFBC}") = "Inventory.Domain", "Modules\Inventory\Inventory.Domain\Inventory.Domain.csproj", "{B208B336-1E42-43E9-8FF3-25A526F2766B}"
EndProject
Project("{FAE04EC0-301F-11D3-BF4B-00C04F79EFBC}") = "Inventory.Application", "Modules\Inventory\Inventory.Application\Inventory.Application.csproj", "{7294C696-6092-41B8-9291-5FC058D8498A}"
EndProject
Project("{FAE04EC0-301F-11D3-BF4B-00C04F79EFBC}") = "Inventory.Infrastructure", "Modules\Inventory\Inventory.Infrastructure\Inventory.Infrastructure.csproj", "{DE143944-601B-4E34-B05B-ED32955092A7}"
EndProject
Project("{FAE04EC0-301F-11D3-BF4B-00C04F79EFBC}") = "Inventory.Api", "Modules\Inventory\Inventory.Api\Inventory.Api.csproj", "{AA05AA7E-06A6-4E56-A26A-F358EC6C0632}"
EndProject
Project("{2150E333-8FDC-42A3-9474-1A3956D46DE8}") = "BuildingBlocks", "BuildingBlocks", "{7266C4A9-E384-DC00-0EB6-47F6002CFBA7}"
EndProject
Project("{FAE04EC0-301F-11D3-BF4B-00C04F79EFBC}") = "SharedKernel", "BuildingBlocks\SharedKernel\SharedKernel.csproj", "{DF165430-063D-45FA-BDD8-BF48F5200534}"
EndProject
Project("{FAE04EC0-301F-11D3-BF4B-00C04F79EFBC}") = "WebHost", "WebHost\WebHost.csproj", "{CBA28B8E-B9C2-4B58-97FD-46995DBE23E0}"
EndProject
Global
	GlobalSection(SolutionConfigurationPlatforms) = preSolution
		Debug|Any CPU = Debug|Any CPU
		Debug|x64 = Debug|x64
		Debug|x86 = Debug|x86
		Release|Any CPU = Release|Any CPU
		Release|x64 = Release|x64
		Release|x86 = Release|x86
	EndGlobalSection
	GlobalSection(ProjectConfigurationPlatforms) = postSolution
		{02FE4974-C417-43CF-A034-5B3B71919EF1}.Debug|Any CPU.ActiveCfg = Debug|Any CPU
		{02FE4974-C417-43CF-A034-5B3B71919EF1}.Debug|Any CPU.Build.0 = Debug|Any CPU
		{02FE4974-C417-43CF-A034-5B3B71919EF1}.Debug|x64.ActiveCfg = Debug|Any CPU
		{02FE4974-C417-43CF-A034-5B3B71919EF1}.Debug|x64.Build.0 = Debug|Any CPU
		{02FE4974-C417-43CF-A034-5B3B71919EF1}.Debug|x86.ActiveCfg = Debug|Any CPU
		{02FE4974-C417-43CF-A034-5B3B71919EF1}.Debug|x86.Build.0 = Debug|Any CPU
		{02FE4974-C417-43CF-A034-5B3B71919EF1}.Release|Any CPU.ActiveCfg = Release|Any CPU
		{02FE4974-C417-43CF-A034-5B3B71919EF1}.Release|Any CPU.Build.0 = Release|Any CPU
		{02FE4974-C417-43CF-A034-5B3B71919EF1}.Release|x64.ActiveCfg = Release|Any CPU
		{02FE4974-C417-43CF-A034-5B3B71919EF1}.Release|x64.Build.0 = Release|Any CPU
		{02FE4974-C417-43CF-A034-5B3B71919EF1}.Release|x86.ActiveCfg = Release|Any CPU
		{02FE4974-C417-43CF-A034-5B3B71919EF1}.Release|x86.Build.0 = Release|Any CPU
		{FE99D9CA-8462-484E-8A6F-D9E939C9F91D}.Debug|Any CPU.ActiveCfg = Debug|Any CPU
		{FE99D9CA-8462-484E-8A6F-D9E939C9F91D}.Debug|Any CPU.Build.0 = Debug|Any CPU
		{FE99D9CA-8462-484E-8A6F-D9E939C9F91D}.Debug|x64.ActiveCfg = Debug|Any CPU
		{FE99D9CA-8462-484E-8A6F-D9E939C9F91D}.Debug|x64.Build.0 = Debug|Any CPU
		{FE99D9CA-8462-484E-8A6F-D9E939C9F91D}.Debug|x86.ActiveCfg = Debug|Any CPU
		{FE99D9CA-8462-484E-8A6F-D9E939C9F91D}.Debug|x86.Build.0 = Debug|Any CPU
		{FE99D9CA-8462-484E-8A6F-D9E939C9F91D}.Release|Any CPU.ActiveCfg = Release|Any CPU
		{FE99D9CA-8462-484E-8A6F-D9E939C9F91D}.Release|Any CPU.Build.0 = Release|Any CPU
		{FE99D9CA-8462-484E-8A6F-D9E939C9F91D}.Release|x64.ActiveCfg = Release|Any CPU
		{FE99D9CA-8462-484E-8A6F-D9E939C9F91D}.Release|x64.Build.0 = Release|Any CPU
		{FE99D9CA-8462-484E-8A6F-D9E939C9F91D}.Release|x86.ActiveCfg = Release|Any CPU
		{FE99D9CA-8462-484E-8A6F-D9E939C9F91D}.Release|x86.Build.0 = Release|Any CPU
		{9DD6B142-1CBB-4A6C-B02C-0918B7619622}.Debug|Any CPU.ActiveCfg = Debug|Any CPU
		{9DD6B142-1CBB-4A6C-B02C-0918B7619622}.Debug|Any CPU.Build.0 = Debug|Any CPU
		{9DD6B142-1CBB-4A6C-B02C-0918B7619622}.Debug|x64.ActiveCfg = Debug|Any CPU
		{9DD6B142-1CBB-4A6C-B02C-0918B7619622}.Debug|x64.Build.0 = Debug|Any CPU
		{9DD6B142-1CBB-4A6C-B02C-0918B7619622}.Debug|x86.ActiveCfg = Debug|Any CPU
		{9DD6B142-1CBB-4A6C-B02C-0918B7619622}.Debug|x86.Build.0 = Debug|Any CPU
		{9DD6B142-1CBB-4A6C-B02C-0918B7619622}.Release|Any CPU.ActiveCfg = Release|Any CPU
		{9DD6B142-1CBB-4A6C-B02C-0918B7619622}.Release|Any CPU.Build.0 = Release|Any CPU
		{9DD6B142-1CBB-4A6C-B02C-0918B7619622}.Release|x64.ActiveCfg = Release|Any CPU
		{9DD6B142-1CBB-4A6C-B02C-0918B7619622}.Release|x64.Build.0 = Release|Any CPU
		{9DD6B142-1CBB-4A6C-B02C-0918B7619622}.Release|x86.ActiveCfg = Release|Any CPU
		{9DD6B142-1CBB-4A6C-B02C-0918B7619622}.Release|x86.Build.0 = Release|Any CPU
		{2F89B5A4-EB4C-4595-8812-92C46CFBD7BC}.Debug|Any CPU.ActiveCfg = Debug|Any CPU
		{2F89B5A4-EB4C-4595-8812-92C46CFBD7BC}.Debug|Any CPU.Build.0 = Debug|Any CPU
		{2F89B5A4-EB4C-4595-8812-92C46CFBD7BC}.Debug|x64.ActiveCfg = Debug|Any CPU
		{2F89B5A4-EB4C-4595-8812-92C46CFBD7BC}.Debug|x64.Build.0 = Debug|Any CPU
		{2F89B5A4-EB4C-4595-8812-92C46CFBD7BC}.Debug|x86.ActiveCfg = Debug|Any CPU
		{2F89B5A4-EB4C-4595-8812-92C46CFBD7BC}.Debug|x86.Build.0 = Debug|Any CPU
		{2F89B5A4-EB4C-4595-8812-92C46CFBD7BC}.Release|Any CPU.ActiveCfg = Release|Any CPU
		{2F89B5A4-EB4C-4595-8812-92C46CFBD7BC}.Release|Any CPU.Build.0 = Release|Any CPU
		{2F89B5A4-EB4C-4595-8812-92C46CFBD7BC}.Release|x64.ActiveCfg = Release|Any CPU
		{2F89B5A4-EB4C-4595-8812-92C46CFBD7BC}.Release|x64.Build.0 = Release|Any CPU
		{2F89B5A4-EB4C-4595-8812-92C46CFBD7BC}.Release|x86.ActiveCfg = Release|Any CPU
		{2F89B5A4-EB4C-4595-8812-92C46CFBD7BC}.Release|x86.Build.0 = Release|Any CPU
		{B208B336-1E42-43E9-8FF3-25A526F2766B}.Debug|Any CPU.ActiveCfg = Debug|Any CPU
		{B208B336-1E42-43E9-8FF3-25A526F2766B}.Debug|Any CPU.Build.0 = Debug|Any CPU
		{B208B336-1E42-43E9-8FF3-25A526F2766B}.Debug|x64.ActiveCfg = Debug|Any CPU
		{B208B336-1E42-43E9-8FF3-25A526F2766B}.Debug|x64.Build.0 = Debug|Any CPU
		{B208B336-1E42-43E9-8FF3-25A526F2766B}.Debug|x86.ActiveCfg = Debug|Any CPU
		{B208B336-1E42-43E9-8FF3-25A526F2766B}.Debug|x86.Build.0 = Debug|Any CPU
		{B208B336-1E42-43E9-8FF3-25A526F2766B}.Release|Any CPU.ActiveCfg = Release|Any CPU
		{B208B336-1E42-43E9-8FF3-25A526F2766B}.Release|Any CPU.Build.0 = Release|Any CPU
		{B208B336-1E42-43E9-8FF3-25A526F2766B}.Release|x64.ActiveCfg = Release|Any CPU
		{B208B336-1E42-43E9-8FF3-25A526F2766B}.Release|x64.Build.0 = Release|Any CPU
		{B208B336-1E42-43E9-8FF3-25A526F2766B}.Release|x86.ActiveCfg = Release|Any CPU
		{B208B336-1E42-43E9-8FF3-25A526F2766B}.Release|x86.Build.0 = Release|Any CPU
		{7294C696-6092-41B8-9291-5FC058D8498A}.Debug|Any CPU.ActiveCfg = Debug|Any CPU
		{7294C696-6092-41B8-9291-5FC058D8498A}.Debug|Any CPU.Build.0 = Debug|Any CPU
		{7294C696-6092-41B8-9291-5FC058D8498A}.Debug|x64.ActiveCfg = Debug|Any CPU
		{7294C696-6092-41B8-9291-5FC058D8498A}.Debug|x64.Build.0 = Debug|Any CPU
		{7294C696-6092-41B8-9291-5FC058D8498A}.Debug|x86.ActiveCfg = Debug|Any CPU
		{7294C696-6092-41B8-9291-5FC058D8498A}.Debug|x86.Build.0 = Debug|Any CPU
		{7294C696-6092-41B8-9291-5FC058D8498A}.Release|Any CPU.ActiveCfg = Release|Any CPU
		{7294C696-6092-41B8-9291-5FC058D8498A}.Release|Any CPU.Build.0 = Release|Any CPU
		{7294C696-6092-41B8-9291-5FC058D8498A}.Release|x64.ActiveCfg = Release|Any CPU
		{7294C696-6092-41B8-9291-5FC058D8498A}.Release|x64.Build.0 = Release|Any CPU
		{7294C696-6092-41B8-9291-5FC058D8498A}.Release|x86.ActiveCfg = Release|Any CPU
		{7294C696-6092-41B8-9291-5FC058D8498A}.Release|x86.Build.0 = Release|Any CPU
		{DE143944-601B-4E34-B05B-ED32955092A7}.Debug|Any CPU.ActiveCfg = Debug|Any CPU
		{DE143944-601B-4E34-B05B-ED32955092A7}.Debug|Any CPU.Build.0 = Debug|Any CPU
		{DE143944-601B-4E34-B05B-ED32955092A7}.Debug|x64.ActiveCfg = Debug|Any CPU
		{DE143944-601B-4E34-B05B-ED32955092A7}.Debug|x64.Build.0 = Debug|Any CPU
		{DE143944-601B-4E34-B05B-ED32955092A7}.Debug|x86.ActiveCfg = Debug|Any CPU
		{DE143944-601B-4E34-B05B-ED32955092A7}.Debug|x86.Build.0 = Debug|Any CPU
		{DE143944-601B-4E34-B05B-ED32955092A7}.Release|Any CPU.ActiveCfg = Release|Any CPU
		{DE143944-601B-4E34-B05B-ED32955092A7}.Release|Any CPU.Build.0 = Release|Any CPU
		{DE143944-601B-4E34-B05B-ED32955092A7}.Release|x64.ActiveCfg = Release|Any CPU
		{DE143944-601B-4E34-B05B-ED32955092A7}.Release|x64.Build.0 = Release|Any CPU
		{DE143944-601B-4E34-B05B-ED32955092A7}.Release|x86.ActiveCfg = Release|Any CPU
		{DE143944-601B-4E34-B05B-ED32955092A7}.Release|x86.Build.0 = Release|Any CPU
		{AA05AA7E-06A6-4E56-A26A-F358EC6C0632}.Debug|Any CPU.ActiveCfg = Debug|Any CPU
		{AA05AA7E-06A6-4E56-A26A-F358EC6C0632}.Debug|Any CPU.Build.0 = Debug|Any CPU
		{AA05AA7E-06A6-4E56-A26A-F358EC6C0632}.Debug|x64.ActiveCfg = Debug|Any CPU
		{AA05AA7E-06A6-4E56-A26A-F358EC6C0632}.Debug|x64.Build.0 = Debug|Any CPU
		{AA05AA7E-06A6-4E56-A26A-F358EC6C0632}.Debug|x86.ActiveCfg = Debug|Any CPU
		{AA05AA7E-06A6-4E56-A26A-F358EC6C0632}.Debug|x86.Build.0 = Debug|Any CPU
		{AA05AA7E-06A6-4E56-A26A-F358EC6C0632}.Release|Any CPU.ActiveCfg = Release|Any CPU
		{AA05AA7E-06A6-4E56-A26A-F358EC6C0632}.Release|Any CPU.Build.0 = Release|Any CPU
		{AA05AA7E-06A6-4E56-A26A-F358EC6C0632}.Release|x64.ActiveCfg = Release|Any CPU
		{AA05AA7E-06A6-4E56-A26A-F358EC6C0632}.Release|x64.Build.0 = Release|Any CPU
		{AA05AA7E-06A6-4E56-A26A-F358EC6C0632}.Release|x86.ActiveCfg = Release|Any CPU
		{AA05AA7E-06A6-4E56-A26A-F358EC6C0632}.Release|x86.Build.0 = Release|Any CPU
		{DF165430-063D-45FA-BDD8-BF48F5200534}.Debug|Any CPU.ActiveCfg = Debug|Any CPU
		{DF165430-063D-45FA-BDD8-BF48F5200534}.Debug|Any CPU.Build.0 = Debug|Any CPU
		{DF165430-063D-45FA-BDD8-BF48F5200534}.Debug|x64.ActiveCfg = Debug|Any CPU
		{DF165430-063D-45FA-BDD8-BF48F5200534}.Debug|x64.Build.0 = Debug|Any CPU
		{DF165430-063D-45FA-BDD8-BF48F5200534}.Debug|x86.ActiveCfg = Debug|Any CPU
		{DF165430-063D-45FA-BDD8-BF48F5200534}.Debug|x86.Build.0 = Debug|Any CPU
		{DF165430-063D-45FA-BDD8-BF48F5200534}.Release|Any CPU.ActiveCfg = Release|Any CPU
		{DF165430-063D-45FA-BDD8-BF48F5200534}.Release|Any CPU.Build.0 = Release|Any CPU
		{DF165430-063D-45FA-BDD8-BF48F5200534}.Release|x64.ActiveCfg = Release|Any CPU
		{DF165430-063D-45FA-BDD8-BF48F5200534}.Release|x64.Build.0 = Release|Any CPU
		{DF165430-063D-45FA-BDD8-BF48F5200534}.Release|x86.ActiveCfg = Release|Any CPU
		{DF165430-063D-45FA-BDD8-BF48F5200534}.Release|x86.Build.0 = Release|Any CPU
		{CBA28B8E-B9C2-4B58-97FD-46995DBE23E0}.Debug|Any CPU.ActiveCfg = Debug|Any CPU
		{CBA28B8E-B9C2-4B58-97FD-46995DBE23E0}.Debug|Any CPU.Build.0 = Debug|Any CPU
		{CBA28B8E-B9C2-4B58-97FD-46995DBE23E0}.Debug|x64.ActiveCfg = Debug|Any CPU
		{CBA28B8E-B9C2-4B58-97FD-46995DBE23E0}.Debug|x64.Build.0 = Debug|Any CPU
		{CBA28B8E-B9C2-4B58-97FD-46995DBE23E0}.Debug|x86.ActiveCfg = Debug|Any CPU
		{CBA28B8E-B9C2-4B58-97FD-46995DBE23E0}.Debug|x86.Build.0 = Debug|Any CPU
		{CBA28B8E-B9C2-4B58-97FD-46995DBE23E0}.Release|Any CPU.ActiveCfg = Release|Any CPU
		{CBA28B8E-B9C2-4B58-97FD-46995DBE23E0}.Release|Any CPU.Build.0 = Release|Any CPU
		{CBA28B8E-B9C2-4B58-97FD-46995DBE23E0}.Release|x64.ActiveCfg = Release|Any CPU
		{CBA28B8E-B9C2-4B58-97FD-46995DBE23E0}.Release|x64.Build.0 = Release|Any CPU
		{CBA28B8E-B9C2-4B58-97FD-46995DBE23E0}.Release|x86.ActiveCfg = Release|Any CPU
		{CBA28B8E-B9C2-4B58-97FD-46995DBE23E0}.Release|x86.Build.0 = Release|Any CPU
	EndGlobalSection
	GlobalSection(SolutionProperties) = preSolution
		HideSolutionNode = FALSE
	EndGlobalSection
	GlobalSection(NestedProjects) = preSolution
		{A9997C78-0C31-9C1F-7E81-ED673DE04F19} = {CA253913-39DE-BFD0-C9A3-4B7EC6FBDF17}
		{02FE4974-C417-43CF-A034-5B3B71919EF1} = {A9997C78-0C31-9C1F-7E81-ED673DE04F19}
		{FE99D9CA-8462-484E-8A6F-D9E939C9F91D} = {A9997C78-0C31-9C1F-7E81-ED673DE04F19}
		{9DD6B142-1CBB-4A6C-B02C-0918B7619622} = {A9997C78-0C31-9C1F-7E81-ED673DE04F19}
		{2F89B5A4-EB4C-4595-8812-92C46CFBD7BC} = {A9997C78-0C31-9C1F-7E81-ED673DE04F19}
		{A68BCFB6-B88D-4352-653D-5429B95F8475} = {CA253913-39DE-BFD0-C9A3-4B7EC6FBDF17}
		{B208B336-1E42-43E9-8FF3-25A526F2766B} = {A68BCFB6-B88D-4352-653D-5429B95F8475}
		{7294C696-6092-41B8-9291-5FC058D8498A} = {A68BCFB6-B88D-4352-653D-5429B95F8475}
		{DE143944-601B-4E34-B05B-ED32955092A7} = {A68BCFB6-B88D-4352-653D-5429B95F8475}
		{AA05AA7E-06A6-4E56-A26A-F358EC6C0632} = {A68BCFB6-B88D-4352-653D-5429B95F8475}
		{DF165430-063D-45FA-BDD8-BF48F5200534} = {7266C4A9-E384-DC00-0EB6-47F6002CFBA7}
	EndGlobalSection
EndGlobal
